
Microsoft Visual Studio Solution File, Format Version 12.00
# Visual Studio Version 17
VisualStudioVersion = 17.1.31903.286
MinimumVisualStudioVersion = 10.0.40219.1
Project("{9A19103F-16F7-4668-BE54-9A1E7A4F7556}") = "IntegrationHubApi.Services", "src\IntegrationHubApi.Services\IntegrationHubApi.Services.csproj", "{2B595F8F-FA7F-403B-938C-ED37AF3836C0}"
EndProject
Project("{9A19103F-16F7-4668-BE54-9A1E7A4F7556}") = "IntegrationHubApi.Infra", "src\IntegrationHubApi.Infra\IntegrationHubApi.Infra.csproj", "{D72C9ECC-099F-435A-9DDE-73579560D2B3}"
EndProject
Project("{9A19103F-16F7-4668-BE54-9A1E7A4F7556}") = "IntegrationHubApi.Domain", "src\IntegrationHubApi.Domain\IntegrationHubApi.Domain.csproj", "{2BC718D2-6558-4E42-8D9D-1CD665DA176F}"
EndProject
Project("{9A19103F-16F7-4668-BE54-9A1E7A4F7556}") = "IntegrationHubApi", "src\IntegrationHubApi\IntegrationHubApi.csproj", "{13B29714-ED20-4D24-A9B7-B2B45C475FD3}"
EndProject
Project("{FAE04EC0-301F-11D3-BF4B-00C04F79EFBC}") = "IntegrationHubApi.ExternalServices", "src\IntegrationHubApi.ExternalServices\IntegrationHubApi.ExternalServices.csproj", "{4786CF7D-4A2B-45A2-B377-C5F1682D7CD0}"
EndProject
Global
	GlobalSection(SolutionConfigurationPlatforms) = preSolution
		Debug|Any CPU = Debug|Any CPU
		Release|Any CPU = Release|Any CPU
	EndGlobalSection
	GlobalSection(ProjectConfigurationPlatforms) = postSolution
		{2B595F8F-FA7F-403B-938C-ED37AF3836C0}.Debug|Any CPU.ActiveCfg = Debug|Any CPU
		{2B595F8F-FA7F-403B-938C-ED37AF3836C0}.Debug|Any CPU.Build.0 = Debug|Any CPU
		{2B595F8F-FA7F-403B-938C-ED37AF3836C0}.Release|Any CPU.ActiveCfg = Release|Any CPU
		{2B595F8F-FA7F-403B-938C-ED37AF3836C0}.Release|Any CPU.Build.0 = Release|Any CPU
		{D72C9ECC-099F-435A-9DDE-73579560D2B3}.Debug|Any CPU.ActiveCfg = Debug|Any CPU
		{D72C9ECC-099F-435A-9DDE-73579560D2B3}.Debug|Any CPU.Build.0 = Debug|Any CPU
		{D72C9ECC-099F-435A-9DDE-73579560D2B3}.Release|Any CPU.ActiveCfg = Release|Any CPU
		{D72C9ECC-099F-435A-9DDE-73579560D2B3}.Release|Any CPU.Build.0 = Release|Any CPU
		{2BC718D2-6558-4E42-8D9D-1CD665DA176F}.Debug|Any CPU.ActiveCfg = Debug|Any CPU
		{2BC718D2-6558-4E42-8D9D-1CD665DA176F}.Debug|Any CPU.Build.0 = Debug|Any CPU
		{2BC718D2-6558-4E42-8D9D-1CD665DA176F}.Release|Any CPU.ActiveCfg = Release|Any CPU
		{2BC718D2-6558-4E42-8D9D-1CD665DA176F}.Release|Any CPU.Build.0 = Release|Any CPU
		{13B29714-ED20-4D24-A9B7-B2B45C475FD3}.Debug|Any CPU.ActiveCfg = Debug|Any CPU
		{13B29714-ED20-4D24-A9B7-B2B45C475FD3}.Debug|Any CPU.Build.0 = Debug|Any CPU
		{13B29714-ED20-4D24-A9B7-B2B45C475FD3}.Release|Any CPU.ActiveCfg = Release|Any CPU
		{13B29714-ED20-4D24-A9B7-B2B45C475FD3}.Release|Any CPU.Build.0 = Release|Any CPU
		{4786CF7D-4A2B-45A2-B377-C5F1682D7CD0}.Debug|Any CPU.ActiveCfg = Debug|Any CPU
		{4786CF7D-4A2B-45A2-B377-C5F1682D7CD0}.Debug|Any CPU.Build.0 = Debug|Any CPU
		{4786CF7D-4A2B-45A2-B377-C5F1682D7CD0}.Release|Any CPU.ActiveCfg = Release|Any CPU
		{4786CF7D-4A2B-45A2-B377-C5F1682D7CD0}.Release|Any CPU.Build.0 = Release|Any CPU
	EndGlobalSection
	GlobalSection(SolutionProperties) = preSolution
		HideSolutionNode = FALSE
	EndGlobalSection
	GlobalSection(ExtensibilityGlobals) = postSolution
		SolutionGuid = {EA951737-F176-4BCF-B2CE-1A7E269C8B49}
	EndGlobalSection
EndGlobal
